
Microsoft Visual Studio Solution File, Format Version 12.00
# Visual Studio 14
VisualStudioVersion = 14.0.23107.0
MinimumVisualStudioVersion = 10.0.40219.1
Project("{FAE04EC0-301F-11D3-BF4B-00C04F79EFBC}") = "PBJ", "PBJ\PBJ.csproj", "{0AB82438-726C-48E0-BC90-DB210729D589}"
EndProject
Project("{2150E333-8FDC-42A3-9474-1A3956D46DE8}") = "Core", "Core", "{8A5EDB91-38A7-468B-BFCE-0243A5A0AD37}"
EndProject
Project("{2150E333-8FDC-42A3-9474-1A3956D46DE8}") = "Infrastructure", "Infrastructure", "{E5E8DF29-229D-4BC8-90AB-E9BBAEA38441}"
EndProject
Project("{FAE04EC0-301F-11D3-BF4B-00C04F79EFBC}") = "PBJ.Core", "PBJ.Core\PBJ.Core.csproj", "{E888DE20-73DF-43B5-A60B-D984ABBB1177}"
EndProject
Project("{FAE04EC0-301F-11D3-BF4B-00C04F79EFBC}") = "PBJ.Repository", "PBJ.Repository\PBJ.Repository.csproj", "{1D15DAE4-40D3-449A-89F3-29DE1D6A1C60}"
EndProject
Project("{FAE04EC0-301F-11D3-BF4B-00C04F79EFBC}") = "PBJ.Services", "PBJ.Services\PBJ.Services.csproj", "{79EAF7B0-A0B2-4CC4-8AB8-F609F612AAB7}"
EndProject
Project("{2150E333-8FDC-42A3-9474-1A3956D46DE8}") = "Web", "Web", "{AF312C70-0C3C-4D68-BA0F-27E6CE82D095}"
EndProject
Project("{2150E333-8FDC-42A3-9474-1A3956D46DE8}") = "Tests", "Tests", "{380DF3D7-F418-4F2C-8183-98623656A1B2}"
EndProject
Project("{FAE04EC0-301F-11D3-BF4B-00C04F79EFBC}") = "PBJ.Tests", "PBJ.Tests\PBJ.Tests.csproj", "{9DDAB7B1-8BAB-4486-A41A-F92094911BA3}"
EndProject
Global
	GlobalSection(SolutionConfigurationPlatforms) = preSolution
		Debug|Any CPU = Debug|Any CPU
		Release|Any CPU = Release|Any CPU
	EndGlobalSection
	GlobalSection(ProjectConfigurationPlatforms) = postSolution
		{0AB82438-726C-48E0-BC90-DB210729D589}.Debug|Any CPU.ActiveCfg = Debug|Any CPU
		{0AB82438-726C-48E0-BC90-DB210729D589}.Debug|Any CPU.Build.0 = Debug|Any CPU
		{0AB82438-726C-48E0-BC90-DB210729D589}.Release|Any CPU.ActiveCfg = Release|Any CPU
		{0AB82438-726C-48E0-BC90-DB210729D589}.Release|Any CPU.Build.0 = Release|Any CPU
		{E888DE20-73DF-43B5-A60B-D984ABBB1177}.Debug|Any CPU.ActiveCfg = Debug|Any CPU
		{E888DE20-73DF-43B5-A60B-D984ABBB1177}.Debug|Any CPU.Build.0 = Debug|Any CPU
		{E888DE20-73DF-43B5-A60B-D984ABBB1177}.Release|Any CPU.ActiveCfg = Release|Any CPU
		{E888DE20-73DF-43B5-A60B-D984ABBB1177}.Release|Any CPU.Build.0 = Release|Any CPU
		{1D15DAE4-40D3-449A-89F3-29DE1D6A1C60}.Debug|Any CPU.ActiveCfg = Debug|Any CPU
		{1D15DAE4-40D3-449A-89F3-29DE1D6A1C60}.Debug|Any CPU.Build.0 = Debug|Any CPU
		{1D15DAE4-40D3-449A-89F3-29DE1D6A1C60}.Release|Any CPU.ActiveCfg = Release|Any CPU
		{1D15DAE4-40D3-449A-89F3-29DE1D6A1C60}.Release|Any CPU.Build.0 = Release|Any CPU
		{79EAF7B0-A0B2-4CC4-8AB8-F609F612AAB7}.Debug|Any CPU.ActiveCfg = Debug|Any CPU
		{79EAF7B0-A0B2-4CC4-8AB8-F609F612AAB7}.Debug|Any CPU.Build.0 = Debug|Any CPU
		{79EAF7B0-A0B2-4CC4-8AB8-F609F612AAB7}.Release|Any CPU.ActiveCfg = Release|Any CPU
		{79EAF7B0-A0B2-4CC4-8AB8-F609F612AAB7}.Release|Any CPU.Build.0 = Release|Any CPU
		{9DDAB7B1-8BAB-4486-A41A-F92094911BA3}.Debug|Any CPU.ActiveCfg = Debug|Any CPU
		{9DDAB7B1-8BAB-4486-A41A-F92094911BA3}.Debug|Any CPU.Build.0 = Debug|Any CPU
		{9DDAB7B1-8BAB-4486-A41A-F92094911BA3}.Release|Any CPU.ActiveCfg = Release|Any CPU
		{9DDAB7B1-8BAB-4486-A41A-F92094911BA3}.Release|Any CPU.Build.0 = Release|Any CPU
	EndGlobalSection
	GlobalSection(SolutionProperties) = preSolution
		HideSolutionNode = FALSE
	EndGlobalSection
	GlobalSection(NestedProjects) = preSolution
		{0AB82438-726C-48E0-BC90-DB210729D589} = {AF312C70-0C3C-4D68-BA0F-27E6CE82D095}
		{E888DE20-73DF-43B5-A60B-D984ABBB1177} = {8A5EDB91-38A7-468B-BFCE-0243A5A0AD37}
		{1D15DAE4-40D3-449A-89F3-29DE1D6A1C60} = {E5E8DF29-229D-4BC8-90AB-E9BBAEA38441}
		{79EAF7B0-A0B2-4CC4-8AB8-F609F612AAB7} = {E5E8DF29-229D-4BC8-90AB-E9BBAEA38441}
		{9DDAB7B1-8BAB-4486-A41A-F92094911BA3} = {380DF3D7-F418-4F2C-8183-98623656A1B2}
	EndGlobalSection
EndGlobal
